
Microsoft Visual Studio Solution File, Format Version 12.00
# Visual Studio Version 16
VisualStudioVersion = 16.0.31112.23
MinimumVisualStudioVersion = 10.0.40219.1
Project("{FAE04EC0-301F-11D3-BF4B-00C04F79EFBC}") = "Datatypes", "Datatypes\Datatypes.csproj", "{C84553F4-F9DC-4ABE-8DD2-917BEDDFDC2B}"
EndProject
Global
	GlobalSection(SolutionConfigurationPlatforms) = preSolution
		Debug|Any CPU = Debug|Any CPU
		Release|Any CPU = Release|Any CPU
	EndGlobalSection
	GlobalSection(ProjectConfigurationPlatforms) = postSolution
		{C84553F4-F9DC-4ABE-8DD2-917BEDDFDC2B}.Debug|Any CPU.ActiveCfg = Debug|Any CPU
		{C84553F4-F9DC-4ABE-8DD2-917BEDDFDC2B}.Debug|Any CPU.Build.0 = Debug|Any CPU
		{C84553F4-F9DC-4ABE-8DD2-917BEDDFDC2B}.Release|Any CPU.ActiveCfg = Release|Any CPU
		{C84553F4-F9DC-4ABE-8DD2-917BEDDFDC2B}.Release|Any CPU.Build.0 = Release|Any CPU
	EndGlobalSection
	GlobalSection(SolutionProperties) = preSolution
		HideSolutionNode = FALSE
	EndGlobalSection
	GlobalSection(ExtensibilityGlobals) = postSolution
		SolutionGuid = {CDD86D69-ED99-46AF-8EAF-8CD48A41E1C6}
	EndGlobalSection
EndGlobal
