
Microsoft Visual Studio Solution File, Format Version 12.00
# Visual Studio Version 16
VisualStudioVersion = 16.0.31112.23
MinimumVisualStudioVersion = 10.0.40219.1
Project("{FAE04EC0-301F-11D3-BF4B-00C04F79EFBC}") = "4CPerusPalkanlasku", "4CPerusPalkanlasku\4CPerusPalkanlasku.csproj", "{5442D108-FC36-4A44-B93C-2C353A141FC3}"
EndProject
Global
	GlobalSection(SolutionConfigurationPlatforms) = preSolution
		Debug|Any CPU = Debug|Any CPU
		Release|Any CPU = Release|Any CPU
	EndGlobalSection
	GlobalSection(ProjectConfigurationPlatforms) = postSolution
		{5442D108-FC36-4A44-B93C-2C353A141FC3}.Debug|Any CPU.ActiveCfg = Debug|Any CPU
		{5442D108-FC36-4A44-B93C-2C353A141FC3}.Debug|Any CPU.Build.0 = Debug|Any CPU
		{5442D108-FC36-4A44-B93C-2C353A141FC3}.Release|Any CPU.ActiveCfg = Release|Any CPU
		{5442D108-FC36-4A44-B93C-2C353A141FC3}.Release|Any CPU.Build.0 = Release|Any CPU
	EndGlobalSection
	GlobalSection(SolutionProperties) = preSolution
		HideSolutionNode = FALSE
	EndGlobalSection
	GlobalSection(ExtensibilityGlobals) = postSolution
		SolutionGuid = {6F13286F-3175-4766-B58C-A1C9F02141CC}
	EndGlobalSection
EndGlobal
